# This file is automatically @generated by Poetry 1.5.1 and should not be changed by hand.

[[package]]
name = "interactive-bash"
version = "0.1.0"
description = ""
optional = false
python-versions = "^3.11"
files = []
develop = false

[package.source]
type = "directory"
url = "interactive_bash"

[[package]]
name = "more-itertools"
version = "9.1.0"
description = "More routines for operating on iterables, beyond itertools"
optional = false
python-versions = ">=3.7"
files = [
    {file = "more-itertools-9.1.0.tar.gz", hash = "sha256:cabaa341ad0389ea83c17a94566a53ae4c9d07349861ecb14dc6d0345cf9ac5d"},
    {file = "more_itertools-9.1.0-py3-none-any.whl", hash = "sha256:d2bc7f02446e86a68911e58ded76d6561eea00cddfb2a91e7019bbb586c799f3"},
]

[metadata]
lock-version = "2.0"
python-versions = "^3.11"
content-hash = "e50b2da59bc52f55d8466f465974363e7a9c0bbc46d12edfe1c6c21e63334a31"
