# This file is automatically @generated by Poetry 1.5.1 and should not be changed by hand.

[[package]]
name = "interactive-bash"
version = "0.1.0"
description = ""
optional = false
python-versions = "^3.11"
files = []
develop = false

[package.source]
type = "directory"
url = "interactive_bash"

[metadata]
lock-version = "2.0"
python-versions = "^3.11"
content-hash = "b6a441137d148f67e82421643aa5676979f9c46f3ecb03f1ebefe08cbc0a79a7"
