# This file is automatically @generated by Poetry 1.5.1 and should not be changed by hand.

[[package]]
name = "interactive-bash"
version = "0.1.0"
description = ""
optional = false
python-versions = "^3.11"
files = []
develop = false

[package.source]
type = "directory"
url = "interactive_bash"

[metadata]
lock-version = "2.0"
python-versions = "^3.11"
content-hash = "ca9a6b0ff3a0ad91ccf743460609755ce104cb5ef48d75ca181f62f246302e44"
